
Microsoft Visual Studio Solution File, Format Version 12.00
# Visual Studio Version 17
VisualStudioVersion = 17.14.36811.4
MinimumVisualStudioVersion = 10.0.40219.1
Project("{FAE04EC0-301F-11D3-BF4B-00C04F79EFBC}") = "FunctionZero.Maui.Controls", "FunctionZero.Maui.Controls\FunctionZero.Maui.Controls.csproj", "{D591C1B2-6F98-6BBA-0A15-6EA5F10495F2}"
EndProject
Project("{2150E333-8FDC-42A3-9474-1A3956D46DE8}") = "Projektmappenelemente", "Projektmappenelemente", "{84D27F74-D2BA-6C25-2661-968F101900D9}"
	ProjectSection(SolutionItems) = preProject
		Reame.MAUI.md = Reame.MAUI.md
	EndProjectSection
EndProject
Project("{FAE04EC0-301F-11D3-BF4B-00C04F79EFBC}") = "MauiExplorer", "MauiExplorer\MauiExplorer.csproj", "{7E53C285-89D6-3537-3BAB-9532CD3AFE52}"
EndProject
Project("{2150E333-8FDC-42A3-9474-1A3956D46DE8}") = "BaseCode", "BaseCode", "{02EA681E-C7D8-13C7-8484-4AC65E1B71E8}"
EndProject
Project("{FAE04EC0-301F-11D3-BF4B-00C04F79EFBC}") = "AasCore.Aas3_1", "..\src\AasCore.Aas3_1\AasCore.Aas3_1.csproj", "{F0ABE23B-9DAB-865B-C9E6-DD4EBEB86093}"
EndProject
Project("{FAE04EC0-301F-11D3-BF4B-00C04F79EFBC}") = "AasxCsharpLibrary", "..\src\AasxCsharpLibrary\AasxCsharpLibrary.csproj", "{3D2166B4-3324-8C1C-8250-6C390F836440}"
EndProject
Project("{FAE04EC0-301F-11D3-BF4B-00C04F79EFBC}") = "AasxIntegrationBase", "..\src\AasxIntegrationBase\AasxIntegrationBase.csproj", "{F574ECE6-96A2-20CE-3763-39771009D118}"
EndProject
Project("{FAE04EC0-301F-11D3-BF4B-00C04F79EFBC}") = "AasxIntegrationBaseGdi", "..\src\AasxIntegrationBaseGdi\AasxIntegrationBaseGdi.csproj", "{1D9F2229-51E6-10B5-57E7-B1CE8A741515}"
EndProject
Project("{FAE04EC0-301F-11D3-BF4B-00C04F79EFBC}") = "AnyUi", "..\src\AnyUi\AnyUi.csproj", "{38E92310-4B46-64D8-E7C2-F47588918A66}"
EndProject
Project("{2150E333-8FDC-42A3-9474-1A3956D46DE8}") = "DataStore", "DataStore", "{B8197460-A88F-49CC-9B1F-4052FC04F9F5}"
EndProject
Project("{FAE04EC0-301F-11D3-BF4B-00C04F79EFBC}") = "AasxPredefinedConcepts", "..\src\AasxPredefinedConcepts\AasxPredefinedConcepts.csproj", "{3859CC81-4782-314F-4F09-F61A3E17827B}"
EndProject
Project("{2150E333-8FDC-42A3-9474-1A3956D46DE8}") = "FunctionalLibs", "FunctionalLibs", "{5EB84C47-8AE3-4AA3-A3C9-42AB645F36B1}"
EndProject
Project("{FAE04EC0-301F-11D3-BF4B-00C04F79EFBC}") = "AasxAmlImExport", "..\src\AasxAmlImExport\AasxAmlImExport.csproj", "{9B11C6F3-29EE-A8ED-3B84-90160ACBF38B}"
EndProject
Project("{FAE04EC0-301F-11D3-BF4B-00C04F79EFBC}") = "AasxBammRdfImExport", "..\src\AasxBammRdfImExport\AasxBammRdfImExport.csproj", "{380BDA02-B4AB-E950-E13F-9B881CC51631}"
EndProject
Project("{FAE04EC0-301F-11D3-BF4B-00C04F79EFBC}") = "AasxFileServerRestLibrary", "..\src\AasxFileServerRestLibrary\AasxFileServerRestLibrary.csproj", "{0FDFC736-DABD-D10B-1AB8-999DCC4D2580}"
EndProject
Project("{FAE04EC0-301F-11D3-BF4B-00C04F79EFBC}") = "AasxFormatCst", "..\src\AasxFormatCst\AasxFormatCst.csproj", "{0CF186AE-1314-76D8-F4F2-E5E30E1B63BF}"
EndProject
Project("{FAE04EC0-301F-11D3-BF4B-00C04F79EFBC}") = "AasxMqtt", "..\src\AasxMqtt\AasxMqtt.csproj", "{DD7F6109-2F46-B87B-C715-BE7BED926972}"
EndProject
Project("{FAE04EC0-301F-11D3-BF4B-00C04F79EFBC}") = "AasxMqttClient", "..\src\AasxMqttClient\AasxMqttClient.csproj", "{87831EF1-0551-CD9C-977B-6251E03470EB}"
EndProject
Project("{FAE04EC0-301F-11D3-BF4B-00C04F79EFBC}") = "AasxOpcUa2Client", "..\src\AasxOpcUa2Client\AasxOpcUa2Client.csproj", "{7AF83DC0-8339-981C-6A07-CCAE5EFAF46F}"
EndProject
Project("{FAE04EC0-301F-11D3-BF4B-00C04F79EFBC}") = "AasxOpenidClient", "..\src\AasxOpenidClient\AasxOpenidClient.csproj", "{172CC442-ED3A-7032-A1A8-102DB743F80A}"
EndProject
Project("{FAE04EC0-301F-11D3-BF4B-00C04F79EFBC}") = "AasxSchemaExport", "..\src\AasxSchemaExport\AasxSchemaExport.csproj", "{626BC95A-932D-7ECD-16D1-89A34B4D972F}"
EndProject
Project("{FAE04EC0-301F-11D3-BF4B-00C04F79EFBC}") = "AasxSignature", "..\src\AasxSignature\AasxSignature.csproj", "{6FE8EC99-BDE0-EBAB-7344-BEB137E87DC8}"
EndProject
Project("{2150E333-8FDC-42A3-9474-1A3956D46DE8}") = "Plugins", "Plugins", "{2544BBEB-BB9E-49CB-B363-C4E279C8E8B1}"
EndProject
Project("{2150E333-8FDC-42A3-9474-1A3956D46DE8}") = "ProgsUserInterface", "ProgsUserInterface", "{B99C50F9-8627-42A7-817B-6C3E91A32B84}"
EndProject
Project("{FAE04EC0-301F-11D3-BF4B-00C04F79EFBC}") = "AasxPackageLogic", "..\src\AasxPackageLogic\AasxPackageLogic.csproj", "{8965A566-37C6-D2C3-9CB9-0469E544669B}"
EndProject
Project("{FAE04EC0-301F-11D3-BF4B-00C04F79EFBC}") = "AasxCore.Samm2_2_0", "..\src\AasxCore.Samm2_2_0\AasxCore.Samm2_2_0.csproj", "{A17889C6-64BB-35F8-AB70-FE38A6B0F7D0}"
EndProject
Project("{FAE04EC0-301F-11D3-BF4B-00C04F79EFBC}") = "SSIExtension", "..\src\SSIExtension\SSIExtension.csproj", "{0D31DD7F-850C-4DE9-6898-FD8DB94A08FF}"
EndProject
Project("{FAE04EC0-301F-11D3-BF4B-00C04F79EFBC}") = "AasxIntegrationBaseMaui", "AasxIntegrationBaseMaui\AasxIntegrationBaseMaui.csproj", "{085D2990-9AF7-45E7-837D-5C21EE176829}"
EndProject
Project("{FAE04EC0-301F-11D3-BF4B-00C04F79EFBC}") = "AasxSoftwareInfo", "..\src\AasxSoftwareInfo\AasxSoftwareInfo.csproj", "{1E1F5087-866B-89AB-3FA7-88D240120FB9}"
EndProject
Project("{FAE04EC0-301F-11D3-BF4B-00C04F79EFBC}") = "jsoncanonicalizer", "..\src\jsoncanonicalizer\jsoncanonicalizer.csproj", "{BDACE8ED-E230-239E-D9D0-327AB0C304A3}"
EndProject
Project("{FAE04EC0-301F-11D3-BF4B-00C04F79EFBC}") = "es6numberserializer", "..\src\es6numberserializer\es6numberserializer.csproj", "{21D6435A-04DB-C108-ED93-440A506F0691}"
EndProject
Global
	GlobalSection(SolutionConfigurationPlatforms) = preSolution
		Debug|Any CPU = Debug|Any CPU
		Release|Any CPU = Release|Any CPU
	EndGlobalSection
	GlobalSection(ProjectConfigurationPlatforms) = postSolution
		{D591C1B2-6F98-6BBA-0A15-6EA5F10495F2}.Debug|Any CPU.ActiveCfg = Debug|Any CPU
		{D591C1B2-6F98-6BBA-0A15-6EA5F10495F2}.Debug|Any CPU.Build.0 = Debug|Any CPU
		{D591C1B2-6F98-6BBA-0A15-6EA5F10495F2}.Release|Any CPU.ActiveCfg = Release|Any CPU
		{D591C1B2-6F98-6BBA-0A15-6EA5F10495F2}.Release|Any CPU.Build.0 = Release|Any CPU
		{7E53C285-89D6-3537-3BAB-9532CD3AFE52}.Debug|Any CPU.ActiveCfg = Debug|Any CPU
		{7E53C285-89D6-3537-3BAB-9532CD3AFE52}.Debug|Any CPU.Build.0 = Debug|Any CPU
		{7E53C285-89D6-3537-3BAB-9532CD3AFE52}.Release|Any CPU.ActiveCfg = Release|Any CPU
		{7E53C285-89D6-3537-3BAB-9532CD3AFE52}.Release|Any CPU.Build.0 = Release|Any CPU
		{F0ABE23B-9DAB-865B-C9E6-DD4EBEB86093}.Debug|Any CPU.ActiveCfg = Debug|Any CPU
		{F0ABE23B-9DAB-865B-C9E6-DD4EBEB86093}.Debug|Any CPU.Build.0 = Debug|Any CPU
		{F0ABE23B-9DAB-865B-C9E6-DD4EBEB86093}.Release|Any CPU.ActiveCfg = Release|Any CPU
		{F0ABE23B-9DAB-865B-C9E6-DD4EBEB86093}.Release|Any CPU.Build.0 = Release|Any CPU
		{3D2166B4-3324-8C1C-8250-6C390F836440}.Debug|Any CPU.ActiveCfg = Debug|Any CPU
		{3D2166B4-3324-8C1C-8250-6C390F836440}.Debug|Any CPU.Build.0 = Debug|Any CPU
		{3D2166B4-3324-8C1C-8250-6C390F836440}.Release|Any CPU.ActiveCfg = Release|Any CPU
		{3D2166B4-3324-8C1C-8250-6C390F836440}.Release|Any CPU.Build.0 = Release|Any CPU
		{F574ECE6-96A2-20CE-3763-39771009D118}.Debug|Any CPU.ActiveCfg = Debug|Any CPU
		{F574ECE6-96A2-20CE-3763-39771009D118}.Debug|Any CPU.Build.0 = Debug|Any CPU
		{F574ECE6-96A2-20CE-3763-39771009D118}.Release|Any CPU.ActiveCfg = Release|Any CPU
		{F574ECE6-96A2-20CE-3763-39771009D118}.Release|Any CPU.Build.0 = Release|Any CPU
		{1D9F2229-51E6-10B5-57E7-B1CE8A741515}.Debug|Any CPU.ActiveCfg = Debug|Any CPU
		{1D9F2229-51E6-10B5-57E7-B1CE8A741515}.Debug|Any CPU.Build.0 = Debug|Any CPU
		{1D9F2229-51E6-10B5-57E7-B1CE8A741515}.Release|Any CPU.ActiveCfg = Release|Any CPU
		{1D9F2229-51E6-10B5-57E7-B1CE8A741515}.Release|Any CPU.Build.0 = Release|Any CPU
		{38E92310-4B46-64D8-E7C2-F47588918A66}.Debug|Any CPU.ActiveCfg = Debug|Any CPU
		{38E92310-4B46-64D8-E7C2-F47588918A66}.Debug|Any CPU.Build.0 = Debug|Any CPU
		{38E92310-4B46-64D8-E7C2-F47588918A66}.Release|Any CPU.ActiveCfg = Release|Any CPU
		{38E92310-4B46-64D8-E7C2-F47588918A66}.Release|Any CPU.Build.0 = Release|Any CPU
		{3859CC81-4782-314F-4F09-F61A3E17827B}.Debug|Any CPU.ActiveCfg = Debug|Any CPU
		{3859CC81-4782-314F-4F09-F61A3E17827B}.Debug|Any CPU.Build.0 = Debug|Any CPU
		{3859CC81-4782-314F-4F09-F61A3E17827B}.Release|Any CPU.ActiveCfg = Release|Any CPU
		{3859CC81-4782-314F-4F09-F61A3E17827B}.Release|Any CPU.Build.0 = Release|Any CPU
		{9B11C6F3-29EE-A8ED-3B84-90160ACBF38B}.Debug|Any CPU.ActiveCfg = Debug|Any CPU
		{9B11C6F3-29EE-A8ED-3B84-90160ACBF38B}.Debug|Any CPU.Build.0 = Debug|Any CPU
		{9B11C6F3-29EE-A8ED-3B84-90160ACBF38B}.Release|Any CPU.ActiveCfg = Release|Any CPU
		{9B11C6F3-29EE-A8ED-3B84-90160ACBF38B}.Release|Any CPU.Build.0 = Release|Any CPU
		{380BDA02-B4AB-E950-E13F-9B881CC51631}.Debug|Any CPU.ActiveCfg = Debug|Any CPU
		{380BDA02-B4AB-E950-E13F-9B881CC51631}.Debug|Any CPU.Build.0 = Debug|Any CPU
		{380BDA02-B4AB-E950-E13F-9B881CC51631}.Release|Any CPU.ActiveCfg = Release|Any CPU
		{380BDA02-B4AB-E950-E13F-9B881CC51631}.Release|Any CPU.Build.0 = Release|Any CPU
		{0FDFC736-DABD-D10B-1AB8-999DCC4D2580}.Debug|Any CPU.ActiveCfg = Debug|Any CPU
		{0FDFC736-DABD-D10B-1AB8-999DCC4D2580}.Debug|Any CPU.Build.0 = Debug|Any CPU
		{0FDFC736-DABD-D10B-1AB8-999DCC4D2580}.Release|Any CPU.ActiveCfg = Release|Any CPU
		{0FDFC736-DABD-D10B-1AB8-999DCC4D2580}.Release|Any CPU.Build.0 = Release|Any CPU
		{0CF186AE-1314-76D8-F4F2-E5E30E1B63BF}.Debug|Any CPU.ActiveCfg = Debug|Any CPU
		{0CF186AE-1314-76D8-F4F2-E5E30E1B63BF}.Debug|Any CPU.Build.0 = Debug|Any CPU
		{0CF186AE-1314-76D8-F4F2-E5E30E1B63BF}.Release|Any CPU.ActiveCfg = Release|Any CPU
		{0CF186AE-1314-76D8-F4F2-E5E30E1B63BF}.Release|Any CPU.Build.0 = Release|Any CPU
		{DD7F6109-2F46-B87B-C715-BE7BED926972}.Debug|Any CPU.ActiveCfg = Debug|Any CPU
		{DD7F6109-2F46-B87B-C715-BE7BED926972}.Debug|Any CPU.Build.0 = Debug|Any CPU
		{DD7F6109-2F46-B87B-C715-BE7BED926972}.Release|Any CPU.ActiveCfg = Release|Any CPU
		{DD7F6109-2F46-B87B-C715-BE7BED926972}.Release|Any CPU.Build.0 = Release|Any CPU
		{87831EF1-0551-CD9C-977B-6251E03470EB}.Debug|Any CPU.ActiveCfg = Debug|Any CPU
		{87831EF1-0551-CD9C-977B-6251E03470EB}.Debug|Any CPU.Build.0 = Debug|Any CPU
		{87831EF1-0551-CD9C-977B-6251E03470EB}.Release|Any CPU.ActiveCfg = Release|Any CPU
		{87831EF1-0551-CD9C-977B-6251E03470EB}.Release|Any CPU.Build.0 = Release|Any CPU
		{7AF83DC0-8339-981C-6A07-CCAE5EFAF46F}.Debug|Any CPU.ActiveCfg = Debug|Any CPU
		{7AF83DC0-8339-981C-6A07-CCAE5EFAF46F}.Debug|Any CPU.Build.0 = Debug|Any CPU
		{7AF83DC0-8339-981C-6A07-CCAE5EFAF46F}.Release|Any CPU.ActiveCfg = Release|Any CPU
		{7AF83DC0-8339-981C-6A07-CCAE5EFAF46F}.Release|Any CPU.Build.0 = Release|Any CPU
		{172CC442-ED3A-7032-A1A8-102DB743F80A}.Debug|Any CPU.ActiveCfg = Debug|Any CPU
		{172CC442-ED3A-7032-A1A8-102DB743F80A}.Debug|Any CPU.Build.0 = Debug|Any CPU
		{172CC442-ED3A-7032-A1A8-102DB743F80A}.Release|Any CPU.ActiveCfg = Release|Any CPU
		{172CC442-ED3A-7032-A1A8-102DB743F80A}.Release|Any CPU.Build.0 = Release|Any CPU
		{626BC95A-932D-7ECD-16D1-89A34B4D972F}.Debug|Any CPU.ActiveCfg = Debug|Any CPU
		{626BC95A-932D-7ECD-16D1-89A34B4D972F}.Debug|Any CPU.Build.0 = Debug|Any CPU
		{626BC95A-932D-7ECD-16D1-89A34B4D972F}.Release|Any CPU.ActiveCfg = Release|Any CPU
		{626BC95A-932D-7ECD-16D1-89A34B4D972F}.Release|Any CPU.Build.0 = Release|Any CPU
		{6FE8EC99-BDE0-EBAB-7344-BEB137E87DC8}.Debug|Any CPU.ActiveCfg = Debug|Any CPU
		{6FE8EC99-BDE0-EBAB-7344-BEB137E87DC8}.Debug|Any CPU.Build.0 = Debug|Any CPU
		{6FE8EC99-BDE0-EBAB-7344-BEB137E87DC8}.Release|Any CPU.ActiveCfg = Release|Any CPU
		{6FE8EC99-BDE0-EBAB-7344-BEB137E87DC8}.Release|Any CPU.Build.0 = Release|Any CPU
		{8965A566-37C6-D2C3-9CB9-0469E544669B}.Debug|Any CPU.ActiveCfg = Debug|Any CPU
		{8965A566-37C6-D2C3-9CB9-0469E544669B}.Debug|Any CPU.Build.0 = Debug|Any CPU
		{8965A566-37C6-D2C3-9CB9-0469E544669B}.Release|Any CPU.ActiveCfg = Release|Any CPU
		{8965A566-37C6-D2C3-9CB9-0469E544669B}.Release|Any CPU.Build.0 = Release|Any CPU
		{A17889C6-64BB-35F8-AB70-FE38A6B0F7D0}.Debug|Any CPU.ActiveCfg = Debug|Any CPU
		{A17889C6-64BB-35F8-AB70-FE38A6B0F7D0}.Debug|Any CPU.Build.0 = Debug|Any CPU
		{A17889C6-64BB-35F8-AB70-FE38A6B0F7D0}.Release|Any CPU.ActiveCfg = Release|Any CPU
		{A17889C6-64BB-35F8-AB70-FE38A6B0F7D0}.Release|Any CPU.Build.0 = Release|Any CPU
		{0D31DD7F-850C-4DE9-6898-FD8DB94A08FF}.Debug|Any CPU.ActiveCfg = Debug|Any CPU
		{0D31DD7F-850C-4DE9-6898-FD8DB94A08FF}.Debug|Any CPU.Build.0 = Debug|Any CPU
		{0D31DD7F-850C-4DE9-6898-FD8DB94A08FF}.Release|Any CPU.ActiveCfg = Release|Any CPU
		{0D31DD7F-850C-4DE9-6898-FD8DB94A08FF}.Release|Any CPU.Build.0 = Release|Any CPU
		{085D2990-9AF7-45E7-837D-5C21EE176829}.Debug|Any CPU.ActiveCfg = Debug|Any CPU
		{085D2990-9AF7-45E7-837D-5C21EE176829}.Debug|Any CPU.Build.0 = Debug|Any CPU
		{085D2990-9AF7-45E7-837D-5C21EE176829}.Release|Any CPU.ActiveCfg = Release|Any CPU
		{085D2990-9AF7-45E7-837D-5C21EE176829}.Release|Any CPU.Build.0 = Release|Any CPU
		{1E1F5087-866B-89AB-3FA7-88D240120FB9}.Debug|Any CPU.ActiveCfg = Debug|Any CPU
		{1E1F5087-866B-89AB-3FA7-88D240120FB9}.Debug|Any CPU.Build.0 = Debug|Any CPU
		{1E1F5087-866B-89AB-3FA7-88D240120FB9}.Release|Any CPU.ActiveCfg = Release|Any CPU
		{1E1F5087-866B-89AB-3FA7-88D240120FB9}.Release|Any CPU.Build.0 = Release|Any CPU
		{BDACE8ED-E230-239E-D9D0-327AB0C304A3}.Debug|Any CPU.ActiveCfg = Debug|Any CPU
		{BDACE8ED-E230-239E-D9D0-327AB0C304A3}.Debug|Any CPU.Build.0 = Debug|Any CPU
		{BDACE8ED-E230-239E-D9D0-327AB0C304A3}.Release|Any CPU.ActiveCfg = Release|Any CPU
		{BDACE8ED-E230-239E-D9D0-327AB0C304A3}.Release|Any CPU.Build.0 = Release|Any CPU
		{21D6435A-04DB-C108-ED93-440A506F0691}.Debug|Any CPU.ActiveCfg = Debug|Any CPU
		{21D6435A-04DB-C108-ED93-440A506F0691}.Debug|Any CPU.Build.0 = Debug|Any CPU
		{21D6435A-04DB-C108-ED93-440A506F0691}.Release|Any CPU.ActiveCfg = Release|Any CPU
		{21D6435A-04DB-C108-ED93-440A506F0691}.Release|Any CPU.Build.0 = Release|Any CPU
	EndGlobalSection
	GlobalSection(SolutionProperties) = preSolution
		HideSolutionNode = FALSE
	EndGlobalSection
	GlobalSection(NestedProjects) = preSolution
		{D591C1B2-6F98-6BBA-0A15-6EA5F10495F2} = {B99C50F9-8627-42A7-817B-6C3E91A32B84}
		{7E53C285-89D6-3537-3BAB-9532CD3AFE52} = {B99C50F9-8627-42A7-817B-6C3E91A32B84}
		{F0ABE23B-9DAB-865B-C9E6-DD4EBEB86093} = {02EA681E-C7D8-13C7-8484-4AC65E1B71E8}
		{3D2166B4-3324-8C1C-8250-6C390F836440} = {02EA681E-C7D8-13C7-8484-4AC65E1B71E8}
		{F574ECE6-96A2-20CE-3763-39771009D118} = {02EA681E-C7D8-13C7-8484-4AC65E1B71E8}
		{1D9F2229-51E6-10B5-57E7-B1CE8A741515} = {02EA681E-C7D8-13C7-8484-4AC65E1B71E8}
		{38E92310-4B46-64D8-E7C2-F47588918A66} = {02EA681E-C7D8-13C7-8484-4AC65E1B71E8}
		{3859CC81-4782-314F-4F09-F61A3E17827B} = {B8197460-A88F-49CC-9B1F-4052FC04F9F5}
		{9B11C6F3-29EE-A8ED-3B84-90160ACBF38B} = {5EB84C47-8AE3-4AA3-A3C9-42AB645F36B1}
		{380BDA02-B4AB-E950-E13F-9B881CC51631} = {5EB84C47-8AE3-4AA3-A3C9-42AB645F36B1}
		{0FDFC736-DABD-D10B-1AB8-999DCC4D2580} = {5EB84C47-8AE3-4AA3-A3C9-42AB645F36B1}
		{0CF186AE-1314-76D8-F4F2-E5E30E1B63BF} = {5EB84C47-8AE3-4AA3-A3C9-42AB645F36B1}
		{DD7F6109-2F46-B87B-C715-BE7BED926972} = {5EB84C47-8AE3-4AA3-A3C9-42AB645F36B1}
		{87831EF1-0551-CD9C-977B-6251E03470EB} = {5EB84C47-8AE3-4AA3-A3C9-42AB645F36B1}
		{7AF83DC0-8339-981C-6A07-CCAE5EFAF46F} = {5EB84C47-8AE3-4AA3-A3C9-42AB645F36B1}
		{172CC442-ED3A-7032-A1A8-102DB743F80A} = {5EB84C47-8AE3-4AA3-A3C9-42AB645F36B1}
		{626BC95A-932D-7ECD-16D1-89A34B4D972F} = {5EB84C47-8AE3-4AA3-A3C9-42AB645F36B1}
		{6FE8EC99-BDE0-EBAB-7344-BEB137E87DC8} = {5EB84C47-8AE3-4AA3-A3C9-42AB645F36B1}
		{8965A566-37C6-D2C3-9CB9-0469E544669B} = {B99C50F9-8627-42A7-817B-6C3E91A32B84}
		{A17889C6-64BB-35F8-AB70-FE38A6B0F7D0} = {02EA681E-C7D8-13C7-8484-4AC65E1B71E8}
		{0D31DD7F-850C-4DE9-6898-FD8DB94A08FF} = {5EB84C47-8AE3-4AA3-A3C9-42AB645F36B1}
		{085D2990-9AF7-45E7-837D-5C21EE176829} = {02EA681E-C7D8-13C7-8484-4AC65E1B71E8}
		{1E1F5087-866B-89AB-3FA7-88D240120FB9} = {B99C50F9-8627-42A7-817B-6C3E91A32B84}
		{BDACE8ED-E230-239E-D9D0-327AB0C304A3} = {B99C50F9-8627-42A7-817B-6C3E91A32B84}
		{21D6435A-04DB-C108-ED93-440A506F0691} = {B99C50F9-8627-42A7-817B-6C3E91A32B84}
	EndGlobalSection
	GlobalSection(ExtensibilityGlobals) = postSolution
		SolutionGuid = {2862EFC5-FE1A-4AF7-AAF1-C2F89D306AAD}
	EndGlobalSection
EndGlobal
